// !$*UTF8*$!
{
	archiveVersion = 1;
	classes = {
	};
	objectVersion = 46;
	objects = {

/* Begin PBXBuildFile section */
		8A16FF8727EDF81200721B21 /* DrawFiguresProtocol.swift in Sources */ = {isa = PBXBuildFile; fileRef = 8A16FF8627EDF81200721B21 /* DrawFiguresProtocol.swift */; };
		8A3835AB2142923A00CDA838 /* AppDelegate.swift in Sources */ = {isa = PBXBuildFile; fileRef = 8A3835AA2142923A00CDA838 /* AppDelegate.swift */; };
		8A3835B02142923A00CDA838 /* Main.storyboard in Resources */ = {isa = PBXBuildFile; fileRef = 8A3835AE2142923A00CDA838 /* Main.storyboard */; };
		8A3835B22142923A00CDA838 /* Assets.xcassets in Resources */ = {isa = PBXBuildFile; fileRef = 8A3835B12142923A00CDA838 /* Assets.xcassets */; };
		8A3835B52142923A00CDA838 /* LaunchScreen.storyboard in Resources */ = {isa = PBXBuildFile; fileRef = 8A3835B32142923A00CDA838 /* LaunchScreen.storyboard */; };
		8A3E8D2427A988E8003936D2 /* Level.swift in Sources */ = {isa = PBXBuildFile; fileRef = 8A3E8D2327A988E8003936D2 /* Level.swift */; };
		8A469BDB27EDFF5D00C16F04 /* FigureData.swift in Sources */ = {isa = PBXBuildFile; fileRef = 8A469BDA27EDFF5D00C16F04 /* FigureData.swift */; };
		8A54C04427EDEAE400199DE5 /* PlacementsLogic.swift in Sources */ = {isa = PBXBuildFile; fileRef = 8A54C04327EDEAE400199DE5 /* PlacementsLogic.swift */; };
		8A54C04627EDF09000199DE5 /* Logic.swift in Sources */ = {isa = PBXBuildFile; fileRef = 8A54C04527EDF09000199DE5 /* Logic.swift */; };
		8A5512ED2142962100468BA6 /* LaunchViewController.swift in Sources */ = {isa = PBXBuildFile; fileRef = 8A5512EC2142962100468BA6 /* LaunchViewController.swift */; };
		8A6D969B27AAD5F800F28E49 /* LevelData.swift in Sources */ = {isa = PBXBuildFile; fileRef = 8A6D969A27AAD5F800F28E49 /* LevelData.swift */; };
		8A7112D827EDB2A0008FA3A9 /* FieldData.swift in Sources */ = {isa = PBXBuildFile; fileRef = 8A7112D727EDB2A0008FA3A9 /* FieldData.swift */; };
		8A7112DA27EDB3B0008FA3A9 /* GameController.swift in Sources */ = {isa = PBXBuildFile; fileRef = 8A7112D927EDB3B0008FA3A9 /* GameController.swift */; };
		8A8C259427F9C9560003E397 /* FigureViews.swift in Sources */ = {isa = PBXBuildFile; fileRef = 8A8C259327F9C9560003E397 /* FigureViews.swift */; };
		8ACE53A927EA0AB700CEA4B6 /* LevelAbstractDataProtocol.swift in Sources */ = {isa = PBXBuildFile; fileRef = 8ACE53A827EA0AB700CEA4B6 /* LevelAbstractDataProtocol.swift */; };
		8ACE53AB27EA0FCC00CEA4B6 /* LevelEasyData.swift in Sources */ = {isa = PBXBuildFile; fileRef = 8ACE53AA27EA0FCC00CEA4B6 /* LevelEasyData.swift */; };
		8ACE53AD27EA12E200CEA4B6 /* LevelNormalData.swift in Sources */ = {isa = PBXBuildFile; fileRef = 8ACE53AC27EA12E200CEA4B6 /* LevelNormalData.swift */; };
		8AF41D0E27EE1B9100DF81C4 /* Transform.swift in Sources */ = {isa = PBXBuildFile; fileRef = 8AF41D0D27EE1B9100DF81C4 /* Transform.swift */; };
/* End PBXBuildFile section */

/* Begin PBXFileReference section */
		8A16FF8627EDF81200721B21 /* DrawFiguresProtocol.swift */ = {isa = PBXFileReference; lastKnownFileType = sourcecode.swift; path = DrawFiguresProtocol.swift; sourceTree = "<group>"; };
		8A3835A72142923A00CDA838 /* Geometrics.app */ = {isa = PBXFileReference; explicitFileType = wrapper.application; includeInIndex = 0; path = Geometrics.app; sourceTree = BUILT_PRODUCTS_DIR; };
		8A3835AA2142923A00CDA838 /* AppDelegate.swift */ = {isa = PBXFileReference; lastKnownFileType = sourcecode.swift; path = AppDelegate.swift; sourceTree = "<group>"; };
		8A3835AF2142923A00CDA838 /* Base */ = {isa = PBXFileReference; lastKnownFileType = file.storyboard; name = Base; path = Base.lproj/Main.storyboard; sourceTree = "<group>"; };
		8A3835B12142923A00CDA838 /* Assets.xcassets */ = {isa = PBXFileReference; lastKnownFileType = folder.assetcatalog; path = Assets.xcassets; sourceTree = "<group>"; };
		8A3835B42142923A00CDA838 /* Base */ = {isa = PBXFileReference; lastKnownFileType = file.storyboard; name = Base; path = Base.lproj/LaunchScreen.storyboard; sourceTree = "<group>"; };
		8A3835B62142923A00CDA838 /* Info.plist */ = {isa = PBXFileReference; lastKnownFileType = text.plist.xml; path = Info.plist; sourceTree = "<group>"; };
		8A3E8D2327A988E8003936D2 /* Level.swift */ = {isa = PBXFileReference; lastKnownFileType = sourcecode.swift; path = Level.swift; sourceTree = "<group>"; };
		8A469BDA27EDFF5D00C16F04 /* FigureData.swift */ = {isa = PBXFileReference; lastKnownFileType = sourcecode.swift; path = FigureData.swift; sourceTree = "<group>"; };
		8A54C04327EDEAE400199DE5 /* PlacementsLogic.swift */ = {isa = PBXFileReference; lastKnownFileType = sourcecode.swift; path = PlacementsLogic.swift; sourceTree = "<group>"; };
		8A54C04527EDF09000199DE5 /* Logic.swift */ = {isa = PBXFileReference; lastKnownFileType = sourcecode.swift; path = Logic.swift; sourceTree = "<group>"; };
		8A5512EC2142962100468BA6 /* LaunchViewController.swift */ = {isa = PBXFileReference; fileEncoding = 4; lastKnownFileType = sourcecode.swift; name = LaunchViewController.swift; path = Geometrics/View/LaunchViewController.swift; sourceTree = SOURCE_ROOT; };
		8A6D969A27AAD5F800F28E49 /* LevelData.swift */ = {isa = PBXFileReference; lastKnownFileType = sourcecode.swift; path = LevelData.swift; sourceTree = "<group>"; };
		8A7112D727EDB2A0008FA3A9 /* FieldData.swift */ = {isa = PBXFileReference; lastKnownFileType = sourcecode.swift; path = FieldData.swift; sourceTree = "<group>"; };
		8A7112D927EDB3B0008FA3A9 /* GameController.swift */ = {isa = PBXFileReference; lastKnownFileType = sourcecode.swift; path = GameController.swift; sourceTree = "<group>"; };
		8A8C259327F9C9560003E397 /* FigureViews.swift */ = {isa = PBXFileReference; lastKnownFileType = sourcecode.swift; path = FigureViews.swift; sourceTree = "<group>"; };
		8ACE53A827EA0AB700CEA4B6 /* LevelAbstractDataProtocol.swift */ = {isa = PBXFileReference; lastKnownFileType = sourcecode.swift; path = LevelAbstractDataProtocol.swift; sourceTree = "<group>"; };
		8ACE53AA27EA0FCC00CEA4B6 /* LevelEasyData.swift */ = {isa = PBXFileReference; lastKnownFileType = sourcecode.swift; path = LevelEasyData.swift; sourceTree = "<group>"; };
		8ACE53AC27EA12E200CEA4B6 /* LevelNormalData.swift */ = {isa = PBXFileReference; lastKnownFileType = sourcecode.swift; path = LevelNormalData.swift; sourceTree = "<group>"; };
		8AF41D0D27EE1B9100DF81C4 /* Transform.swift */ = {isa = PBXFileReference; lastKnownFileType = sourcecode.swift; name = Transform.swift; path = Geometrics/View/Transform.swift; sourceTree = SOURCE_ROOT; };
/* End PBXFileReference section */

/* Begin PBXFrameworksBuildPhase section */
		8A3835A42142923900CDA838 /* Frameworks */ = {
			isa = PBXFrameworksBuildPhase;
			buildActionMask = 2147483647;
			files = (
			);
			runOnlyForDeploymentPostprocessing = 0;
		};
/* End PBXFrameworksBuildPhase section */

/* Begin PBXGroup section */
		8A38359E2142923900CDA838 = {
			isa = PBXGroup;
			children = (
				8A3835A92142923A00CDA838 /* Geometrics */,
				8A3835A82142923A00CDA838 /* Products */,
			);
			sourceTree = "<group>";
		};
		8A3835A82142923A00CDA838 /* Products */ = {
			isa = PBXGroup;
			children = (
				8A3835A72142923A00CDA838 /* Geometrics.app */,
			);
			name = Products;
			sourceTree = "<group>";
		};
		8A3835A92142923A00CDA838 /* Geometrics */ = {
			isa = PBXGroup;
			children = (
				8A7112DB27EDB4AD008FA3A9 /* View */,
				8ACE53A327E9F1C700CEA4B6 /* Controller */,
				8A3949EA27E9E2B4001E0FEA /* Model */,
				8A3835B62142923A00CDA838 /* Info.plist */,
				8A3835AA2142923A00CDA838 /* AppDelegate.swift */,
				8A3835B12142923A00CDA838 /* Assets.xcassets */,
				8A3835B32142923A00CDA838 /* LaunchScreen.storyboard */,
				8A3835AE2142923A00CDA838 /* Main.storyboard */,
			);
			name = Geometrics;
			path = /Users/alexey/Desktop/Projects/Geometrics/Geometrics;
			sourceTree = "<absolute>";
		};
		8A3949EA27E9E2B4001E0FEA /* Model */ = {
			isa = PBXGroup;
			children = (
				8A54C04827EDF22400199DE5 /* Logic */,
				8A54C04727EDF20E00199DE5 /* Data */,
			);
			path = Model;
			sourceTree = "<group>";
		};
		8A54C04727EDF20E00199DE5 /* Data */ = {
			isa = PBXGroup;
			children = (
				8A3E8D2327A988E8003936D2 /* Level.swift */,
				8A6D969A27AAD5F800F28E49 /* LevelData.swift */,
				8ACE53A827EA0AB700CEA4B6 /* LevelAbstractDataProtocol.swift */,
				8ACE53AA27EA0FCC00CEA4B6 /* LevelEasyData.swift */,
				8ACE53AC27EA12E200CEA4B6 /* LevelNormalData.swift */,
				8A7112D727EDB2A0008FA3A9 /* FieldData.swift */,
				8A469BDA27EDFF5D00C16F04 /* FigureData.swift */,
			);
			path = Data;
			sourceTree = "<group>";
		};
		8A54C04827EDF22400199DE5 /* Logic */ = {
			isa = PBXGroup;
			children = (
				8A54C04527EDF09000199DE5 /* Logic.swift */,
				8A54C04327EDEAE400199DE5 /* PlacementsLogic.swift */,
			);
			path = Logic;
			sourceTree = "<group>";
		};
		8A7112DB27EDB4AD008FA3A9 /* View */ = {
			isa = PBXGroup;
			children = (
				8A5512EC2142962100468BA6 /* LaunchViewController.swift */,
				8AF41D0D27EE1B9100DF81C4 /* Transform.swift */,
				8A8C259327F9C9560003E397 /* FigureViews.swift */,
			);
			path = View;
			sourceTree = "<group>";
		};
		8ACE53A327E9F1C700CEA4B6 /* Controller */ = {
			isa = PBXGroup;
			children = (
				8A7112D927EDB3B0008FA3A9 /* GameController.swift */,
				8A16FF8627EDF81200721B21 /* DrawFiguresProtocol.swift */,
			);
			path = Controller;
			sourceTree = "<group>";
		};
/* End PBXGroup section */

/* Begin PBXNativeTarget section */
		8A3835A62142923900CDA838 /* Geometrics */ = {
			isa = PBXNativeTarget;
			buildConfigurationList = 8A3835B92142923A00CDA838 /* Build configuration list for PBXNativeTarget "Geometrics" */;
			buildPhases = (
				8A3835A32142923900CDA838 /* Sources */,
				8A3835A42142923900CDA838 /* Frameworks */,
				8A3835A52142923900CDA838 /* Resources */,
			);
			buildRules = (
			);
			dependencies = (
			);
			name = Geometrics;
			productName = Geometrics;
			productReference = 8A3835A72142923A00CDA838 /* Geometrics.app */;
			productType = "com.apple.product-type.application";
		};
/* End PBXNativeTarget section */

/* Begin PBXProject section */
		8A38359F2142923900CDA838 /* Project object */ = {
			isa = PBXProject;
			attributes = {
				LastSwiftUpdateCheck = 0830;
				LastUpgradeCheck = 1100;
				ORGANIZATIONNAME = "Alexey A";
				TargetAttributes = {
					8A3835A62142923900CDA838 = {
						CreatedOnToolsVersion = 8.3.3;
						DevelopmentTeam = VHU73F95E2;
						LastSwiftMigration = 0920;
						ProvisioningStyle = Automatic;
					};
				};
			};
			buildConfigurationList = 8A3835A22142923900CDA838 /* Build configuration list for PBXProject "Geometrics" */;
			compatibilityVersion = "Xcode 3.2";
			developmentRegion = English;
			hasScannedForEncodings = 0;
			knownRegions = (
				English,
				en,
				Base,
			);
			mainGroup = 8A38359E2142923900CDA838;
			productRefGroup = 8A3835A82142923A00CDA838 /* Products */;
			projectDirPath = "";
			projectRoot = "";
			targets = (
				8A3835A62142923900CDA838 /* Geometrics */,
			);
		};
/* End PBXProject section */

/* Begin PBXResourcesBuildPhase section */
		8A3835A52142923900CDA838 /* Resources */ = {
			isa = PBXResourcesBuildPhase;
			buildActionMask = 2147483647;
			files = (
				8A3835B52142923A00CDA838 /* LaunchScreen.storyboard in Resources */,
				8A3835B22142923A00CDA838 /* Assets.xcassets in Resources */,
				8A3835B02142923A00CDA838 /* Main.storyboard in Resources */,
			);
			runOnlyForDeploymentPostprocessing = 0;
		};
/* End PBXResourcesBuildPhase section */

/* Begin PBXSourcesBuildPhase section */
		8A3835A32142923900CDA838 /* Sources */ = {
			isa = PBXSourcesBuildPhase;
			buildActionMask = 2147483647;
			files = (
				8A3E8D2427A988E8003936D2 /* Level.swift in Sources */,
				8A7112D827EDB2A0008FA3A9 /* FieldData.swift in Sources */,
				8A8C259427F9C9560003E397 /* FigureViews.swift in Sources */,
				8ACE53AB27EA0FCC00CEA4B6 /* LevelEasyData.swift in Sources */,
				8A5512ED2142962100468BA6 /* LaunchViewController.swift in Sources */,
				8AF41D0E27EE1B9100DF81C4 /* Transform.swift in Sources */,
				8A6D969B27AAD5F800F28E49 /* LevelData.swift in Sources */,
				8A3835AB2142923A00CDA838 /* AppDelegate.swift in Sources */,
				8A54C04427EDEAE400199DE5 /* PlacementsLogic.swift in Sources */,
				8A469BDB27EDFF5D00C16F04 /* FigureData.swift in Sources */,
				8ACE53AD27EA12E200CEA4B6 /* LevelNormalData.swift in Sources */,
				8A54C04627EDF09000199DE5 /* Logic.swift in Sources */,
				8ACE53A927EA0AB700CEA4B6 /* LevelAbstractDataProtocol.swift in Sources */,
				8A7112DA27EDB3B0008FA3A9 /* GameController.swift in Sources */,
				8A16FF8727EDF81200721B21 /* DrawFiguresProtocol.swift in Sources */,
			);
			runOnlyForDeploymentPostprocessing = 0;
		};
/* End PBXSourcesBuildPhase section */

/* Begin PBXVariantGroup section */
		8A3835AE2142923A00CDA838 /* Main.storyboard */ = {
			isa = PBXVariantGroup;
			children = (
				8A3835AF2142923A00CDA838 /* Base */,
			);
			name = Main.storyboard;
			sourceTree = "<group>";
		};
		8A3835B32142923A00CDA838 /* LaunchScreen.storyboard */ = {
			isa = PBXVariantGroup;
			children = (
				8A3835B42142923A00CDA838 /* Base */,
			);
			name = LaunchScreen.storyboard;
			sourceTree = "<group>";
		};
/* End PBXVariantGroup section */

/* Begin XCBuildConfiguration section */
		8A3835B72142923A00CDA838 /* Debug */ = {
			isa = XCBuildConfiguration;
			buildSettings = {
				ALWAYS_SEARCH_USER_PATHS = NO;
				CLANG_ANALYZER_LOCALIZABILITY_NONLOCALIZED = YES;
				CLANG_ANALYZER_NONNULL = YES;
				CLANG_ANALYZER_NUMBER_OBJECT_CONVERSION = YES_AGGRESSIVE;
				CLANG_CXX_LANGUAGE_STANDARD = "gnu++0x";
				CLANG_CXX_LIBRARY = "libc++";
				CLANG_ENABLE_MODULES = YES;
				CLANG_ENABLE_OBJC_ARC = YES;
				CLANG_WARN_BLOCK_CAPTURE_AUTORELEASING = YES;
				CLANG_WARN_BOOL_CONVERSION = YES;
				CLANG_WARN_COMMA = YES;
				CLANG_WARN_CONSTANT_CONVERSION = YES;
				CLANG_WARN_DEPRECATED_OBJC_IMPLEMENTATIONS = YES;
				CLANG_WARN_DIRECT_OBJC_ISA_USAGE = YES_ERROR;
				CLANG_WARN_DOCUMENTATION_COMMENTS = YES;
				CLANG_WARN_EMPTY_BODY = YES;
				CLANG_WARN_ENUM_CONVERSION = YES;
				CLANG_WARN_INFINITE_RECURSION = YES;
				CLANG_WARN_INT_CONVERSION = YES;
				CLANG_WARN_NON_LITERAL_NULL_CONVERSION = YES;
				CLANG_WARN_OBJC_IMPLICIT_RETAIN_SELF = YES;
				CLANG_WARN_OBJC_LITERAL_CONVERSION = YES;
				CLANG_WARN_OBJC_ROOT_CLASS = YES_ERROR;
				CLANG_WARN_RANGE_LOOP_ANALYSIS = YES;
				CLANG_WARN_STRICT_PROTOTYPES = YES;
				CLANG_WARN_SUSPICIOUS_MOVE = YES;
				CLANG_WARN_UNREACHABLE_CODE = YES;
				CLANG_WARN__DUPLICATE_METHOD_MATCH = YES;
				"CODE_SIGN_IDENTITY[sdk=iphoneos*]" = "iPhone Developer";
				COPY_PHASE_STRIP = NO;
				DEBUG_INFORMATION_FORMAT = dwarf;
				ENABLE_STRICT_OBJC_MSGSEND = YES;
				ENABLE_TESTABILITY = YES;
				GCC_C_LANGUAGE_STANDARD = gnu99;
				GCC_DYNAMIC_NO_PIC = NO;
				GCC_NO_COMMON_BLOCKS = YES;
				GCC_OPTIMIZATION_LEVEL = 0;
				GCC_PREPROCESSOR_DEFINITIONS = (
					"DEBUG=1",
					"$(inherited)",
				);
				GCC_WARN_64_TO_32_BIT_CONVERSION = YES;
				GCC_WARN_ABOUT_RETURN_TYPE = YES_ERROR;
				GCC_WARN_UNDECLARED_SELECTOR = YES;
				GCC_WARN_UNINITIALIZED_AUTOS = YES_AGGRESSIVE;
				GCC_WARN_UNUSED_FUNCTION = YES;
				GCC_WARN_UNUSED_VARIABLE = YES;
				IPHONEOS_DEPLOYMENT_TARGET = 10.3;
				MTL_ENABLE_DEBUG_INFO = YES;
				ONLY_ACTIVE_ARCH = YES;
				SDKROOT = iphoneos;
				SWIFT_ACTIVE_COMPILATION_CONDITIONS = DEBUG;
				SWIFT_OPTIMIZATION_LEVEL = "-Onone";
				TARGETED_DEVICE_FAMILY = "1,2";
			};
			name = Debug;
		};
		8A3835B82142923A00CDA838 /* Release */ = {
			isa = XCBuildConfiguration;
			buildSettings = {
				ALWAYS_SEARCH_USER_PATHS = NO;
				CLANG_ANALYZER_LOCALIZABILITY_NONLOCALIZED = YES;
				CLANG_ANALYZER_NONNULL = YES;
				CLANG_ANALYZER_NUMBER_OBJECT_CONVERSION = YES_AGGRESSIVE;
				CLANG_CXX_LANGUAGE_STANDARD = "gnu++0x";
				CLANG_CXX_LIBRARY = "libc++";
				CLANG_ENABLE_MODULES = YES;
				CLANG_ENABLE_OBJC_ARC = YES;
				CLANG_WARN_BLOCK_CAPTURE_AUTORELEASING = YES;
				CLANG_WARN_BOOL_CONVERSION = YES;
				CLANG_WARN_COMMA = YES;
				CLANG_WARN_CONSTANT_CONVERSION = YES;
				CLANG_WARN_DEPRECATED_OBJC_IMPLEMENTATIONS = YES;
				CLANG_WARN_DIRECT_OBJC_ISA_USAGE = YES_ERROR;
				CLANG_WARN_DOCUMENTATION_COMMENTS = YES;
				CLANG_WARN_EMPTY_BODY = YES;
				CLANG_WARN_ENUM_CONVERSION = YES;
				CLANG_WARN_INFINITE_RECURSION = YES;
				CLANG_WARN_INT_CONVERSION = YES;
				CLANG_WARN_NON_LITERAL_NULL_CONVERSION = YES;
				CLANG_WARN_OBJC_IMPLICIT_RETAIN_SELF = YES;
				CLANG_WARN_OBJC_LITERAL_CONVERSION = YES;
				CLANG_WARN_OBJC_ROOT_CLASS = YES_ERROR;
				CLANG_WARN_RANGE_LOOP_ANALYSIS = YES;
				CLANG_WARN_STRICT_PROTOTYPES = YES;
				CLANG_WARN_SUSPICIOUS_MOVE = YES;
				CLANG_WARN_UNREACHABLE_CODE = YES;
				CLANG_WARN__DUPLICATE_METHOD_MATCH = YES;
				"CODE_SIGN_IDENTITY[sdk=iphoneos*]" = "iPhone Developer";
				COPY_PHASE_STRIP = NO;
				DEBUG_INFORMATION_FORMAT = "dwarf-with-dsym";
				ENABLE_NS_ASSERTIONS = NO;
				ENABLE_STRICT_OBJC_MSGSEND = YES;
				GCC_C_LANGUAGE_STANDARD = gnu99;
				GCC_NO_COMMON_BLOCKS = YES;
				GCC_WARN_64_TO_32_BIT_CONVERSION = YES;
				GCC_WARN_ABOUT_RETURN_TYPE = YES_ERROR;
				GCC_WARN_UNDECLARED_SELECTOR = YES;
				GCC_WARN_UNINITIALIZED_AUTOS = YES_AGGRESSIVE;
				GCC_WARN_UNUSED_FUNCTION = YES;
				GCC_WARN_UNUSED_VARIABLE = YES;
				IPHONEOS_DEPLOYMENT_TARGET = 10.3;
				MTL_ENABLE_DEBUG_INFO = NO;
				SDKROOT = iphoneos;
				SWIFT_OPTIMIZATION_LEVEL = "-Owholemodule";
				TARGETED_DEVICE_FAMILY = "1,2";
				VALIDATE_PRODUCT = YES;
			};
			name = Release;
		};
		8A3835BA2142923A00CDA838 /* Debug */ = {
			isa = XCBuildConfiguration;
			buildSettings = {
				ASSETCATALOG_COMPILER_APPICON_NAME = AppIcon;
				DEVELOPMENT_TEAM = VHU73F95E2;
				INFOPLIST_FILE = Geometrics/Info.plist;
				LD_RUNPATH_SEARCH_PATHS = "$(inherited) @executable_path/Frameworks";
				PRODUCT_BUNDLE_IDENTIFIER = com.play.new.Geometrics;
				PRODUCT_NAME = "$(TARGET_NAME)";
				SWIFT_SWIFT3_OBJC_INFERENCE = On;
				SWIFT_VERSION = 4.0;
			};
			name = Debug;
		};
		8A3835BB2142923A00CDA838 /* Release */ = {
			isa = XCBuildConfiguration;
			buildSettings = {
				ASSETCATALOG_COMPILER_APPICON_NAME = AppIcon;
				DEVELOPMENT_TEAM = VHU73F95E2;
				INFOPLIST_FILE = Geometrics/Info.plist;
				LD_RUNPATH_SEARCH_PATHS = "$(inherited) @executable_path/Frameworks";
				PRODUCT_BUNDLE_IDENTIFIER = com.play.new.Geometrics;
				PRODUCT_NAME = "$(TARGET_NAME)";
				SWIFT_SWIFT3_OBJC_INFERENCE = On;
				SWIFT_VERSION = 4.0;
			};
			name = Release;
		};
/* End XCBuildConfiguration section */

/* Begin XCConfigurationList section */
		8A3835A22142923900CDA838 /* Build configuration list for PBXProject "Geometrics" */ = {
			isa = XCConfigurationList;
			buildConfigurations = (
				8A3835B72142923A00CDA838 /* Debug */,
				8A3835B82142923A00CDA838 /* Release */,
			);
			defaultConfigurationIsVisible = 0;
			defaultConfigurationName = Release;
		};
		8A3835B92142923A00CDA838 /* Build configuration list for PBXNativeTarget "Geometrics" */ = {
			isa = XCConfigurationList;
			buildConfigurations = (
				8A3835BA2142923A00CDA838 /* Debug */,
				8A3835BB2142923A00CDA838 /* Release */,
			);
			defaultConfigurationIsVisible = 0;
			defaultConfigurationName = Release;
		};
/* End XCConfigurationList section */
	};
	rootObject = 8A38359F2142923900CDA838 /* Project object */;
}
